
Microsoft Visual Studio Solution File, Format Version 12.00
# Visual Studio Version 16
VisualStudioVersion = 16.0.29411.108
MinimumVisualStudioVersion = 10.0.40219.1
Project("{9A19103F-16F7-4668-BE54-9A1E7A4F7556}") = "Penguin.Email.Templating", "Penguin.Email.Templating.csproj", "{FED63E09-8FA8-4645-9C1B-C09A43D1AE93}"
EndProject
Global
	GlobalSection(SolutionConfigurationPlatforms) = preSolution
		Debug|Any CPU = Debug|Any CPU
		Release|Any CPU = Release|Any CPU
	EndGlobalSection
	GlobalSection(ProjectConfigurationPlatforms) = postSolution
		{FED63E09-8FA8-4645-9C1B-C09A43D1AE93}.Debug|Any CPU.ActiveCfg = Debug|Any CPU
		{FED63E09-8FA8-4645-9C1B-C09A43D1AE93}.Debug|Any CPU.Build.0 = Debug|Any CPU
		{FED63E09-8FA8-4645-9C1B-C09A43D1AE93}.Release|Any CPU.ActiveCfg = Release|Any CPU
		{FED63E09-8FA8-4645-9C1B-C09A43D1AE93}.Release|Any CPU.Build.0 = Release|Any CPU
	EndGlobalSection
	GlobalSection(SolutionProperties) = preSolution
		HideSolutionNode = FALSE
	EndGlobalSection
	GlobalSection(ExtensibilityGlobals) = postSolution
		SolutionGuid = {BF99EB72-987B-4EF4-91A2-4D5333321D08}
	EndGlobalSection
EndGlobal
