
Microsoft Visual Studio Solution File, Format Version 12.00
# Visual Studio Version 16
VisualStudioVersion = 16.6.30114.105
MinimumVisualStudioVersion = 10.0.40219.1
Project("{FAE04EC0-301F-11D3-BF4B-00C04F79EFBC}") = "Penguin.Email.Templating.Local", "Penguin.Email.Templating.Local.csproj", "{FFF9E419-BB54-427A-9E2A-726EC37073F9}"
EndProject
Project("{FAE04EC0-301F-11D3-BF4B-00C04F79EFBC}") = "Penguin.Email.Templating.Abstractions.Local", "..\Penguin.Email.Templating.Abstractions\Penguin.Email.Templating.Abstractions.Local.csproj", "{0F96395F-9331-4585-A9A1-38AE27C95E06}"
EndProject
Project("{FAE04EC0-301F-11D3-BF4B-00C04F79EFBC}") = "Penguin.Email.Abstractions.Local", "..\Penguin.Email.Abstractions\Penguin.Email.Abstractions.Local.csproj", "{74B4CF71-2C3B-4EFD-8EF8-541965EE57B4}"
EndProject
Project("{FAE04EC0-301F-11D3-BF4B-00C04F79EFBC}") = "Penguin.Files.Abstractions.Local", "..\Penguin.Files.Abstractions\Penguin.Files.Abstractions.Local.csproj", "{992A811E-674C-4BE7-A302-0B027489FCB2}"
EndProject
Project("{FAE04EC0-301F-11D3-BF4B-00C04F79EFBC}") = "Penguin.Templating.Abstractions.Local", "..\Penguin.Templating.Abstractions\Penguin.Templating.Abstractions.Local.csproj", "{26D4614C-70E8-4481-B886-F5349F91D17C}"
EndProject
Global
	GlobalSection(SolutionConfigurationPlatforms) = preSolution
		Debug|Any CPU = Debug|Any CPU
		Debug|x64 = Debug|x64
		Debug|x86 = Debug|x86
		Release|Any CPU = Release|Any CPU
		Release|x64 = Release|x64
		Release|x86 = Release|x86
	EndGlobalSection
	GlobalSection(SolutionProperties) = preSolution
		HideSolutionNode = FALSE
	EndGlobalSection
	GlobalSection(ProjectConfigurationPlatforms) = postSolution
		{FFF9E419-BB54-427A-9E2A-726EC37073F9}.Debug|Any CPU.ActiveCfg = Debug|Any CPU
		{FFF9E419-BB54-427A-9E2A-726EC37073F9}.Debug|Any CPU.Build.0 = Debug|Any CPU
		{FFF9E419-BB54-427A-9E2A-726EC37073F9}.Debug|x64.ActiveCfg = Debug|Any CPU
		{FFF9E419-BB54-427A-9E2A-726EC37073F9}.Debug|x64.Build.0 = Debug|Any CPU
		{FFF9E419-BB54-427A-9E2A-726EC37073F9}.Debug|x86.ActiveCfg = Debug|Any CPU
		{FFF9E419-BB54-427A-9E2A-726EC37073F9}.Debug|x86.Build.0 = Debug|Any CPU
		{FFF9E419-BB54-427A-9E2A-726EC37073F9}.Release|Any CPU.ActiveCfg = Release|Any CPU
		{FFF9E419-BB54-427A-9E2A-726EC37073F9}.Release|Any CPU.Build.0 = Release|Any CPU
		{FFF9E419-BB54-427A-9E2A-726EC37073F9}.Release|x64.ActiveCfg = Release|Any CPU
		{FFF9E419-BB54-427A-9E2A-726EC37073F9}.Release|x64.Build.0 = Release|Any CPU
		{FFF9E419-BB54-427A-9E2A-726EC37073F9}.Release|x86.ActiveCfg = Release|Any CPU
		{FFF9E419-BB54-427A-9E2A-726EC37073F9}.Release|x86.Build.0 = Release|Any CPU
		{0F96395F-9331-4585-A9A1-38AE27C95E06}.Debug|Any CPU.ActiveCfg = Debug|Any CPU
		{0F96395F-9331-4585-A9A1-38AE27C95E06}.Debug|Any CPU.Build.0 = Debug|Any CPU
		{0F96395F-9331-4585-A9A1-38AE27C95E06}.Debug|x64.ActiveCfg = Debug|Any CPU
		{0F96395F-9331-4585-A9A1-38AE27C95E06}.Debug|x64.Build.0 = Debug|Any CPU
		{0F96395F-9331-4585-A9A1-38AE27C95E06}.Debug|x86.ActiveCfg = Debug|Any CPU
		{0F96395F-9331-4585-A9A1-38AE27C95E06}.Debug|x86.Build.0 = Debug|Any CPU
		{0F96395F-9331-4585-A9A1-38AE27C95E06}.Release|Any CPU.ActiveCfg = Release|Any CPU
		{0F96395F-9331-4585-A9A1-38AE27C95E06}.Release|Any CPU.Build.0 = Release|Any CPU
		{0F96395F-9331-4585-A9A1-38AE27C95E06}.Release|x64.ActiveCfg = Release|Any CPU
		{0F96395F-9331-4585-A9A1-38AE27C95E06}.Release|x64.Build.0 = Release|Any CPU
		{0F96395F-9331-4585-A9A1-38AE27C95E06}.Release|x86.ActiveCfg = Release|Any CPU
		{0F96395F-9331-4585-A9A1-38AE27C95E06}.Release|x86.Build.0 = Release|Any CPU
		{74B4CF71-2C3B-4EFD-8EF8-541965EE57B4}.Debug|Any CPU.ActiveCfg = Debug|Any CPU
		{74B4CF71-2C3B-4EFD-8EF8-541965EE57B4}.Debug|Any CPU.Build.0 = Debug|Any CPU
		{74B4CF71-2C3B-4EFD-8EF8-541965EE57B4}.Debug|x64.ActiveCfg = Debug|Any CPU
		{74B4CF71-2C3B-4EFD-8EF8-541965EE57B4}.Debug|x64.Build.0 = Debug|Any CPU
		{74B4CF71-2C3B-4EFD-8EF8-541965EE57B4}.Debug|x86.ActiveCfg = Debug|Any CPU
		{74B4CF71-2C3B-4EFD-8EF8-541965EE57B4}.Debug|x86.Build.0 = Debug|Any CPU
		{74B4CF71-2C3B-4EFD-8EF8-541965EE57B4}.Release|Any CPU.ActiveCfg = Release|Any CPU
		{74B4CF71-2C3B-4EFD-8EF8-541965EE57B4}.Release|Any CPU.Build.0 = Release|Any CPU
		{74B4CF71-2C3B-4EFD-8EF8-541965EE57B4}.Release|x64.ActiveCfg = Release|Any CPU
		{74B4CF71-2C3B-4EFD-8EF8-541965EE57B4}.Release|x64.Build.0 = Release|Any CPU
		{74B4CF71-2C3B-4EFD-8EF8-541965EE57B4}.Release|x86.ActiveCfg = Release|Any CPU
		{74B4CF71-2C3B-4EFD-8EF8-541965EE57B4}.Release|x86.Build.0 = Release|Any CPU
		{992A811E-674C-4BE7-A302-0B027489FCB2}.Debug|Any CPU.ActiveCfg = Debug|Any CPU
		{992A811E-674C-4BE7-A302-0B027489FCB2}.Debug|Any CPU.Build.0 = Debug|Any CPU
		{992A811E-674C-4BE7-A302-0B027489FCB2}.Debug|x64.ActiveCfg = Debug|Any CPU
		{992A811E-674C-4BE7-A302-0B027489FCB2}.Debug|x64.Build.0 = Debug|Any CPU
		{992A811E-674C-4BE7-A302-0B027489FCB2}.Debug|x86.ActiveCfg = Debug|Any CPU
		{992A811E-674C-4BE7-A302-0B027489FCB2}.Debug|x86.Build.0 = Debug|Any CPU
		{992A811E-674C-4BE7-A302-0B027489FCB2}.Release|Any CPU.ActiveCfg = Release|Any CPU
		{992A811E-674C-4BE7-A302-0B027489FCB2}.Release|Any CPU.Build.0 = Release|Any CPU
		{992A811E-674C-4BE7-A302-0B027489FCB2}.Release|x64.ActiveCfg = Release|Any CPU
		{992A811E-674C-4BE7-A302-0B027489FCB2}.Release|x64.Build.0 = Release|Any CPU
		{992A811E-674C-4BE7-A302-0B027489FCB2}.Release|x86.ActiveCfg = Release|Any CPU
		{992A811E-674C-4BE7-A302-0B027489FCB2}.Release|x86.Build.0 = Release|Any CPU
		{26D4614C-70E8-4481-B886-F5349F91D17C}.Debug|Any CPU.ActiveCfg = Debug|Any CPU
		{26D4614C-70E8-4481-B886-F5349F91D17C}.Debug|Any CPU.Build.0 = Debug|Any CPU
		{26D4614C-70E8-4481-B886-F5349F91D17C}.Debug|x64.ActiveCfg = Debug|Any CPU
		{26D4614C-70E8-4481-B886-F5349F91D17C}.Debug|x64.Build.0 = Debug|Any CPU
		{26D4614C-70E8-4481-B886-F5349F91D17C}.Debug|x86.ActiveCfg = Debug|Any CPU
		{26D4614C-70E8-4481-B886-F5349F91D17C}.Debug|x86.Build.0 = Debug|Any CPU
		{26D4614C-70E8-4481-B886-F5349F91D17C}.Release|Any CPU.ActiveCfg = Release|Any CPU
		{26D4614C-70E8-4481-B886-F5349F91D17C}.Release|Any CPU.Build.0 = Release|Any CPU
		{26D4614C-70E8-4481-B886-F5349F91D17C}.Release|x64.ActiveCfg = Release|Any CPU
		{26D4614C-70E8-4481-B886-F5349F91D17C}.Release|x64.Build.0 = Release|Any CPU
		{26D4614C-70E8-4481-B886-F5349F91D17C}.Release|x86.ActiveCfg = Release|Any CPU
		{26D4614C-70E8-4481-B886-F5349F91D17C}.Release|x86.Build.0 = Release|Any CPU
	EndGlobalSection
EndGlobal
